{
  "nodes": {
    "flake-parts": {
      "inputs": {
        "nixpkgs-lib": "nixpkgs-lib"
      },
      "locked": {
        "lastModified": 1674771137,
        "narHash": "sha256-Zpk1GbEsYrqKmuIZkx+f+8pU0qcCYJoSUwNz1Zk+R00=",
        "owner": "hercules-ci",
        "repo": "flake-parts",
        "rev": "7c7a8bce3dffe71203dcd4276504d1cb49dfe05f",
        "type": "github"
      },
      "original": {
        "owner": "hercules-ci",
        "repo": "flake-parts",
        "type": "github"
      }
    },
    "flake-root": {
      "locked": {
        "lastModified": 1671378805,
        "narHash": "sha256-yqGxyzMN2GuppwG3dTWD1oiKxi+jGYP7D1qUSc5vKhI=",
        "owner": "srid",
        "repo": "flake-root",
        "rev": "dc7ba6166e478804a9da6881aa48c45d300075cf",
        "type": "github"
      },
      "original": {
        "owner": "srid",
        "repo": "flake-root",
        "type": "github"
      }
    },
    "haskell-flake": {
      "locked": {
        "lastModified": 1674483307,
        "narHash": "sha256-NlohHWCqOsMY4q2fmKR6VAAX4y09Cr85Ezgbx4Q2hbc=",
        "owner": "srid",
        "repo": "haskell-flake",
        "rev": "8688fb2deaa193795467eedb4d2473dbeaba19b4",
        "type": "github"
      },
      "original": {
        "owner": "srid",
        "repo": "haskell-flake",
        "type": "github"
      }
    },
    "mission-control": {
      "inputs": {
        "nixpkgs": "nixpkgs"
      },
      "locked": {
        "lastModified": 1671493916,
        "narHash": "sha256-7uvy37mfprmI3fbBw9E+baV1KZHR5zKfSNfPlSiliqo=",
        "owner": "Platonic-Systems",
        "repo": "mission-control",
        "rev": "9acdaa469ebd3c2d6816f8a30c0c217a0da59fe2",
        "type": "github"
      },
      "original": {
        "owner": "Platonic-Systems",
        "repo": "mission-control",
        "type": "github"
      }
    },
    "multiwalk": {
      "flake": false,
      "locked": {
        "lastModified": 1674513249,
        "narHash": "sha256-hcMAc6afq8aHiw6w+fWXcRI5WB0ie/4djEAratt9kOM=",
        "owner": "lucasvreis",
        "repo": "multiwalk",
        "rev": "90581eae8d33602be504a3181f97c13d5d1db2b6",
        "type": "github"
      },
      "original": {
        "owner": "lucasvreis",
        "repo": "multiwalk",
        "type": "github"
      }
    },
    "nixpkgs": {
      "locked": {
        "lastModified": 1671249438,
        "narHash": "sha256-5e+CcnbZA3/i2BRXbnzRS52Ly67MUNdZR+Zpbb2C65k=",
        "owner": "nixos",
        "repo": "nixpkgs",
        "rev": "067bfc6c90a301572cec7da48f09c447a9a8eae0",
        "type": "github"
      },
      "original": {
        "owner": "nixos",
        "ref": "nixpkgs-unstable",
        "repo": "nixpkgs",
        "type": "github"
      }
    },
    "nixpkgs-lib": {
      "locked": {
        "dir": "lib",
        "lastModified": 1672350804,
        "narHash": "sha256-jo6zkiCabUBn3ObuKXHGqqORUMH27gYDIFFfLq5P4wg=",
        "owner": "NixOS",
        "repo": "nixpkgs",
        "rev": "677ed08a50931e38382dbef01cba08a8f7eac8f6",
        "type": "github"
      },
      "original": {
        "dir": "lib",
        "owner": "NixOS",
        "ref": "nixos-unstable",
        "repo": "nixpkgs",
        "type": "github"
      }
    },
    "nixpkgs_2": {
      "locked": {
        "lastModified": 1674361931,
        "narHash": "sha256-lUIZItHbW+LmJAz9V9puLq2rHlewcUgg1RPehkQIkzc=",
        "owner": "nixos",
        "repo": "nixpkgs",
        "rev": "ef479383e13698c8d5ccf8a608485dc8ce1d4f80",
        "type": "github"
      },
      "original": {
        "owner": "nixos",
        "ref": "nixpkgs-unstable",
        "repo": "nixpkgs",
        "type": "github"
      }
    },
    "org-mode-hs": {
      "flake": false,
      "locked": {
        "lastModified": 1668964929,
        "narHash": "sha256-cN16f3V4COtEA9f1cqtfC0xgKmdJ9e8rCbsSzfdQMyg=",
        "owner": "lucasvreis",
        "repo": "org-mode-hs",
        "rev": "82309b35001de5a98c49013e5822e3fcaaf8ccbc",
        "type": "github"
      },
      "original": {
        "owner": "lucasvreis",
        "repo": "org-mode-hs",
        "type": "github"
      }
    },
    "proc-flake": {
      "locked": {
        "lastModified": 1671388981,
        "narHash": "sha256-p++h07G0qiJtnjnyJRPehLIXJ3sU5zGtpOfZbnUxuZU=",
        "owner": "srid",
        "repo": "proc-flake",
        "rev": "676b5af467e52c06aa8a9165edb3345c6dbbabde",
        "type": "github"
      },
      "original": {
        "owner": "srid",
        "repo": "proc-flake",
        "type": "github"
      }
    },
    "root": {
      "inputs": {
        "flake-parts": "flake-parts",
        "flake-root": "flake-root",
        "haskell-flake": "haskell-flake",
        "mission-control": "mission-control",
        "multiwalk": "multiwalk",
        "nixpkgs": "nixpkgs_2",
        "org-mode-hs": "org-mode-hs",
        "proc-flake": "proc-flake",
        "treefmt-nix": "treefmt-nix"
      }
    },
    "treefmt-nix": {
      "locked": {
        "lastModified": 1674470002,
        "narHash": "sha256-Tk1VaMeBTMMGEZeqv3TEwrTAdR9fYb3EH/TPI27AdKk=",
        "owner": "numtide",
        "repo": "treefmt-nix",
        "rev": "d5ed9a1e6793f99b2e179d5dec9639e48ef22db7",
        "type": "github"
      },
      "original": {
        "owner": "numtide",
        "repo": "treefmt-nix",
        "type": "github"
      }
    }
  },
  "root": "root",
  "version": 7
}
